
Microsoft Visual Studio Solution File, Format Version 12.00
# Visual Studio 15
VisualStudioVersion = 15.0.25920.0
MinimumVisualStudioVersion = 10.0.40219.1
Project("{FAE04EC0-301F-11D3-BF4B-00C04F79EFBC}") = "O2.ContactAssignment", "O2.ContactAssignment\O2.ContactAssignment.csproj", "{CA2E8257-9488-400E-8165-B28CEBA32172}"
EndProject
Global
	GlobalSection(SolutionConfigurationPlatforms) = preSolution
		Debug|Any CPU = Debug|Any CPU
		Release|Any CPU = Release|Any CPU
	EndGlobalSection
	GlobalSection(ProjectConfigurationPlatforms) = postSolution
		{CA2E8257-9488-400E-8165-B28CEBA32172}.Debug|Any CPU.ActiveCfg = Debug|Any CPU
		{CA2E8257-9488-400E-8165-B28CEBA32172}.Debug|Any CPU.Build.0 = Debug|Any CPU
		{CA2E8257-9488-400E-8165-B28CEBA32172}.Release|Any CPU.ActiveCfg = Release|Any CPU
		{CA2E8257-9488-400E-8165-B28CEBA32172}.Release|Any CPU.Build.0 = Release|Any CPU
	EndGlobalSection
	GlobalSection(SolutionProperties) = preSolution
		HideSolutionNode = FALSE
	EndGlobalSection
EndGlobal
